
Microsoft Visual Studio Solution File, Format Version 12.00
# Visual Studio Version 17
VisualStudioVersion = 17.9.34701.34
MinimumVisualStudioVersion = 10.0.40219.1
Project("{FAE04EC0-301F-11D3-BF4B-00C04F79EFBC}") = "MagazinAlimentar", "MagazinAlimentar.csproj", "{201EA5F7-6003-4113-B1EF-2EF3FCB50777}"
EndProject
Project("{FAE04EC0-301F-11D3-BF4B-00C04F79EFBC}") = "Modele", "..\Modele\Modele.csproj", "{0A14F9FB-5BA2-41EC-9403-8DFB9EAF2B2B}"
EndProject
Project("{FAE04EC0-301F-11D3-BF4B-00C04F79EFBC}") = "NivelStocare", "..\NivelStocare\NivelStocare.csproj", "{0ADE4688-79F1-4C3E-A4EB-AC0F208F32B6}"
EndProject
Global
	GlobalSection(SolutionConfigurationPlatforms) = preSolution
		Debug|Any CPU = Debug|Any CPU
		Release|Any CPU = Release|Any CPU
	EndGlobalSection
	GlobalSection(ProjectConfigurationPlatforms) = postSolution
		{201EA5F7-6003-4113-B1EF-2EF3FCB50777}.Debug|Any CPU.ActiveCfg = Debug|Any CPU
		{201EA5F7-6003-4113-B1EF-2EF3FCB50777}.Debug|Any CPU.Build.0 = Debug|Any CPU
		{201EA5F7-6003-4113-B1EF-2EF3FCB50777}.Release|Any CPU.ActiveCfg = Release|Any CPU
		{201EA5F7-6003-4113-B1EF-2EF3FCB50777}.Release|Any CPU.Build.0 = Release|Any CPU
		{0A14F9FB-5BA2-41EC-9403-8DFB9EAF2B2B}.Debug|Any CPU.ActiveCfg = Debug|Any CPU
		{0A14F9FB-5BA2-41EC-9403-8DFB9EAF2B2B}.Debug|Any CPU.Build.0 = Debug|Any CPU
		{0A14F9FB-5BA2-41EC-9403-8DFB9EAF2B2B}.Release|Any CPU.ActiveCfg = Release|Any CPU
		{0A14F9FB-5BA2-41EC-9403-8DFB9EAF2B2B}.Release|Any CPU.Build.0 = Release|Any CPU
		{0ADE4688-79F1-4C3E-A4EB-AC0F208F32B6}.Debug|Any CPU.ActiveCfg = Debug|Any CPU
		{0ADE4688-79F1-4C3E-A4EB-AC0F208F32B6}.Debug|Any CPU.Build.0 = Debug|Any CPU
		{0ADE4688-79F1-4C3E-A4EB-AC0F208F32B6}.Release|Any CPU.ActiveCfg = Release|Any CPU
		{0ADE4688-79F1-4C3E-A4EB-AC0F208F32B6}.Release|Any CPU.Build.0 = Release|Any CPU
	EndGlobalSection
	GlobalSection(SolutionProperties) = preSolution
		HideSolutionNode = FALSE
	EndGlobalSection
	GlobalSection(ExtensibilityGlobals) = postSolution
		SolutionGuid = {CD57E905-85AC-4F6E-96A5-8795F84AAAD9}
	EndGlobalSection
EndGlobal
